
Microsoft Visual Studio Solution File, Format Version 12.00
# Visual Studio Version 17
VisualStudioVersion = 17.2.32630.192
MinimumVisualStudioVersion = 10.0.40219.1
Project("{FAE04EC0-301F-11D3-BF4B-00C04F79EFBC}") = "cursoY", "cursoY\cursoY.csproj", "{AD5BB578-E5AA-477C-BE00-B14D7913DE3C}"
EndProject
Global
	GlobalSection(SolutionConfigurationPlatforms) = preSolution
		Debug|Any CPU = Debug|Any CPU
		Release|Any CPU = Release|Any CPU
	EndGlobalSection
	GlobalSection(ProjectConfigurationPlatforms) = postSolution
		{AD5BB578-E5AA-477C-BE00-B14D7913DE3C}.Debug|Any CPU.ActiveCfg = Debug|Any CPU
		{AD5BB578-E5AA-477C-BE00-B14D7913DE3C}.Debug|Any CPU.Build.0 = Debug|Any CPU
		{AD5BB578-E5AA-477C-BE00-B14D7913DE3C}.Release|Any CPU.ActiveCfg = Release|Any CPU
		{AD5BB578-E5AA-477C-BE00-B14D7913DE3C}.Release|Any CPU.Build.0 = Release|Any CPU
	EndGlobalSection
	GlobalSection(SolutionProperties) = preSolution
		HideSolutionNode = FALSE
	EndGlobalSection
	GlobalSection(ExtensibilityGlobals) = postSolution
		SolutionGuid = {49FF0BC3-B436-4CED-8587-B693BD624215}
	EndGlobalSection
EndGlobal
